
Microsoft Visual Studio Solution File, Format Version 12.00
# Visual Studio Version 17
VisualStudioVersion = 17.2.32616.157
MinimumVisualStudioVersion = 10.0.40219.1
Project("{9A19103F-16F7-4668-BE54-9A1E7A4F7556}") = "PopularizationCampaign", "PopularizationCampaign.csproj", "{D7ABB7B7-B5D6-4C40-9C1E-F7E1E0DD46BC}"
EndProject
Project("{9A19103F-16F7-4668-BE54-9A1E7A4F7556}") = "Data", "..\Data\Data.csproj", "{EE5638A4-237A-4688-BCFC-03CEE60FBDE6}"
EndProject
Global
	GlobalSection(SolutionConfigurationPlatforms) = preSolution
		Debug|Any CPU = Debug|Any CPU
		Release|Any CPU = Release|Any CPU
	EndGlobalSection
	GlobalSection(ProjectConfigurationPlatforms) = postSolution
		{D7ABB7B7-B5D6-4C40-9C1E-F7E1E0DD46BC}.Debug|Any CPU.ActiveCfg = Debug|Any CPU
		{D7ABB7B7-B5D6-4C40-9C1E-F7E1E0DD46BC}.Debug|Any CPU.Build.0 = Debug|Any CPU
		{D7ABB7B7-B5D6-4C40-9C1E-F7E1E0DD46BC}.Release|Any CPU.ActiveCfg = Release|Any CPU
		{D7ABB7B7-B5D6-4C40-9C1E-F7E1E0DD46BC}.Release|Any CPU.Build.0 = Release|Any CPU
		{EE5638A4-237A-4688-BCFC-03CEE60FBDE6}.Debug|Any CPU.ActiveCfg = Debug|Any CPU
		{EE5638A4-237A-4688-BCFC-03CEE60FBDE6}.Debug|Any CPU.Build.0 = Debug|Any CPU
		{EE5638A4-237A-4688-BCFC-03CEE60FBDE6}.Release|Any CPU.ActiveCfg = Release|Any CPU
		{EE5638A4-237A-4688-BCFC-03CEE60FBDE6}.Release|Any CPU.Build.0 = Release|Any CPU
	EndGlobalSection
	GlobalSection(SolutionProperties) = preSolution
		HideSolutionNode = FALSE
	EndGlobalSection
	GlobalSection(ExtensibilityGlobals) = postSolution
		SolutionGuid = {4E939958-E0E1-4901-818D-C331F990E359}
	EndGlobalSection
EndGlobal
